{
  "name": "ProjEscuela",
  "lockfileVersion": 3,
  "requires": true,
  "packages": {
    "": {
      "dependencies": {
        "sweetalert2": "^11.26.17"
      }
    },
    "node_modules/sweetalert2": {
      "version": "11.26.17",
      "resolved": "https://registry.npmjs.org/sweetalert2/-/sweetalert2-11.26.17.tgz",
      "integrity": "sha512-kkaySn1IRfwNlf9AkZVqDmBINDWw9NRR6Ij0O5dBRBOD1+mbtZJWxxR9/pA90nce9E5tIIkJ7SWij4rMWXtA1g==",
      "license": "MIT",
      "funding": {
        "type": "individual",
        "url": "https://github.com/sponsors/limonte"
      }
    }
  }
}
